
Microsoft Visual Studio Solution File, Format Version 12.00
# Visual Studio Version 17
VisualStudioVersion = 17.7.34024.191
MinimumVisualStudioVersion = 10.0.40219.1
Project("{FAE04EC0-301F-11D3-BF4B-00C04F79EFBC}") = "EmployeeWebAPI", "EmployeeWebAPI.csproj", "{E5214E63-41B9-46A6-9461-7C62E924DE99}"
EndProject
Project("{FAE04EC0-301F-11D3-BF4B-00C04F79EFBC}") = "EmployeeWebApp", "..\EmployeeWebApp\EmployeeWebApp.csproj", "{F32DF618-E51B-4212-9C76-BDC9F941DA99}"
EndProject
Global
	GlobalSection(SolutionConfigurationPlatforms) = preSolution
		Debug|Any CPU = Debug|Any CPU
		Release|Any CPU = Release|Any CPU
	EndGlobalSection
	GlobalSection(ProjectConfigurationPlatforms) = postSolution
		{E5214E63-41B9-46A6-9461-7C62E924DE99}.Debug|Any CPU.ActiveCfg = Debug|Any CPU
		{E5214E63-41B9-46A6-9461-7C62E924DE99}.Debug|Any CPU.Build.0 = Debug|Any CPU
		{E5214E63-41B9-46A6-9461-7C62E924DE99}.Release|Any CPU.ActiveCfg = Release|Any CPU
		{E5214E63-41B9-46A6-9461-7C62E924DE99}.Release|Any CPU.Build.0 = Release|Any CPU
		{F32DF618-E51B-4212-9C76-BDC9F941DA99}.Debug|Any CPU.ActiveCfg = Debug|Any CPU
		{F32DF618-E51B-4212-9C76-BDC9F941DA99}.Debug|Any CPU.Build.0 = Debug|Any CPU
		{F32DF618-E51B-4212-9C76-BDC9F941DA99}.Release|Any CPU.ActiveCfg = Release|Any CPU
		{F32DF618-E51B-4212-9C76-BDC9F941DA99}.Release|Any CPU.Build.0 = Release|Any CPU
	EndGlobalSection
	GlobalSection(SolutionProperties) = preSolution
		HideSolutionNode = FALSE
	EndGlobalSection
	GlobalSection(ExtensibilityGlobals) = postSolution
		SolutionGuid = {72E27FB4-EBA2-4838-AF19-486A3D76EECC}
	EndGlobalSection
EndGlobal
